
Microsoft Visual Studio Solution File, Format Version 12.00
# Visual Studio 15
VisualStudioVersion = 15.0.27703.2018
MinimumVisualStudioVersion = 10.0.40219.1
Project("{2150E333-8FDC-42A3-9474-1A3956D46DE8}") = "src", "src", "{3579B88C-02DE-4DA2-8FB8-7CA976EB0BD5}"
EndProject
Project("{9A19103F-16F7-4668-BE54-9A1E7A4F7556}") = "TTA.Infrastructure", "TTA.Infrastructure\TTA.Infrastructure.csproj", "{0CCA82CA-BC45-463D-B822-643AD03E977D}"
EndProject
Project("{2150E333-8FDC-42A3-9474-1A3956D46DE8}") = "test", "test", "{1FCA9CB6-34B5-49C0-AD1B-6DD121D935AB}"
EndProject
Project("{9A19103F-16F7-4668-BE54-9A1E7A4F7556}") = "TTA.Api", "TTA.Api\TTA.Api.csproj", "{88857E74-EF38-4BE7-8854-FA8809625267}"
EndProject
Global
	GlobalSection(SolutionConfigurationPlatforms) = preSolution
		Debug|Any CPU = Debug|Any CPU
		Release|Any CPU = Release|Any CPU
	EndGlobalSection
	GlobalSection(ProjectConfigurationPlatforms) = postSolution
		{0CCA82CA-BC45-463D-B822-643AD03E977D}.Debug|Any CPU.ActiveCfg = Debug|Any CPU
		{0CCA82CA-BC45-463D-B822-643AD03E977D}.Debug|Any CPU.Build.0 = Debug|Any CPU
		{0CCA82CA-BC45-463D-B822-643AD03E977D}.Release|Any CPU.ActiveCfg = Release|Any CPU
		{0CCA82CA-BC45-463D-B822-643AD03E977D}.Release|Any CPU.Build.0 = Release|Any CPU
		{88857E74-EF38-4BE7-8854-FA8809625267}.Debug|Any CPU.ActiveCfg = Debug|Any CPU
		{88857E74-EF38-4BE7-8854-FA8809625267}.Debug|Any CPU.Build.0 = Debug|Any CPU
		{88857E74-EF38-4BE7-8854-FA8809625267}.Release|Any CPU.ActiveCfg = Release|Any CPU
		{88857E74-EF38-4BE7-8854-FA8809625267}.Release|Any CPU.Build.0 = Release|Any CPU
	EndGlobalSection
	GlobalSection(SolutionProperties) = preSolution
		HideSolutionNode = FALSE
	EndGlobalSection
	GlobalSection(NestedProjects) = preSolution
		{0CCA82CA-BC45-463D-B822-643AD03E977D} = {3579B88C-02DE-4DA2-8FB8-7CA976EB0BD5}
		{88857E74-EF38-4BE7-8854-FA8809625267} = {3579B88C-02DE-4DA2-8FB8-7CA976EB0BD5}
	EndGlobalSection
	GlobalSection(ExtensibilityGlobals) = postSolution
		SolutionGuid = {580F25C5-AE58-4E63-BA61-CDE23EB012EE}
	EndGlobalSection
EndGlobal
